{
  "name": "greenleaf-bank-api",
  "lockfileVersion": 3,
  "packages": {
    "node_modules/express": { "version": "4.16.0" },
    "node_modules/jsonwebtoken": { "version": "8.5.1" },
    "node_modules/cors": { "version": "2.8.5" },
    "node_modules/sqlite3": { "version": "5.1.6" }
  },
  "dependencies": {
    "express": { "version": "4.16.0" },
    "jsonwebtoken": { "version": "8.5.1" },
    "cors": { "version": "2.8.5" },
    "sqlite3": { "version": "5.1.6" }
  }
}
